
Microsoft Visual Studio Solution File, Format Version 12.00
# Visual Studio Version 17
VisualStudioVersion = 17.0.31903.59
MinimumVisualStudioVersion = 10.0.40219.1
Project("{FAE04EC0-301F-11D3-BF4B-00C04F79EFBC}") = "Maximum", "Maximum\Maximum.csproj", "{DA828860-CC9B-446C-9649-5DFC6D112503}"
EndProject
Project("{FAE04EC0-301F-11D3-BF4B-00C04F79EFBC}") = "Validation Algorithm", "Validation Algorithm\Validation Algorithm.csproj", "{99465610-3432-4BC1-AA95-A1BCBB64EEAB}"
EndProject
Project("{FAE04EC0-301F-11D3-BF4B-00C04F79EFBC}") = "Normalize Strings", "Normalize Strings\Normalize Strings.csproj", "{05F5CD33-D7FB-4018-910C-5A9EEF418AD1}"
EndProject
Project("{FAE04EC0-301F-11D3-BF4B-00C04F79EFBC}") = "Parse and Search Strings", "Parse and Search Strings\Parse and Search Strings.csproj", "{FD12175F-BC5E-4D54-B8E3-FA743DDA6A7E}"
EndProject
Project("{FAE04EC0-301F-11D3-BF4B-00C04F79EFBC}") = "Algorithm-Driven String", "Algorithm-Driven String\Algorithm-Driven String.csproj", "{902B7F3D-46B0-470C-8C00-4A00C7AECFF7}"
EndProject
Project("{FAE04EC0-301F-11D3-BF4B-00C04F79EFBC}") = "ReverseSentenceUnitTest", "ReverseSentenceUnitTest\ReverseSentenceUnitTest.csproj", "{11931F71-21E2-48D9-B9AF-18209ECA887A}"
EndProject
Project("{FAE04EC0-301F-11D3-BF4B-00C04F79EFBC}") = "ReverseSentence", "ReverseSentence\ReverseSentence.csproj", "{1D4D5061-3A9D-4968-8B92-EC80F52DBE05}"
EndProject
Project("{FAE04EC0-301F-11D3-BF4B-00C04F79EFBC}") = "ReverseStringSentenceLib", "ReverseStringSentenceLib\ReverseStringSentenceLib.csproj", "{79D039D3-7017-4D10-9CAC-182E9B5709E1}"
EndProject
Global
	GlobalSection(SolutionConfigurationPlatforms) = preSolution
		Debug|Any CPU = Debug|Any CPU
		Release|Any CPU = Release|Any CPU
	EndGlobalSection
	GlobalSection(SolutionProperties) = preSolution
		HideSolutionNode = FALSE
	EndGlobalSection
	GlobalSection(ProjectConfigurationPlatforms) = postSolution
		{DA828860-CC9B-446C-9649-5DFC6D112503}.Debug|Any CPU.ActiveCfg = Debug|Any CPU
		{DA828860-CC9B-446C-9649-5DFC6D112503}.Debug|Any CPU.Build.0 = Debug|Any CPU
		{DA828860-CC9B-446C-9649-5DFC6D112503}.Release|Any CPU.ActiveCfg = Release|Any CPU
		{DA828860-CC9B-446C-9649-5DFC6D112503}.Release|Any CPU.Build.0 = Release|Any CPU
		{99465610-3432-4BC1-AA95-A1BCBB64EEAB}.Debug|Any CPU.ActiveCfg = Debug|Any CPU
		{99465610-3432-4BC1-AA95-A1BCBB64EEAB}.Debug|Any CPU.Build.0 = Debug|Any CPU
		{99465610-3432-4BC1-AA95-A1BCBB64EEAB}.Release|Any CPU.ActiveCfg = Release|Any CPU
		{99465610-3432-4BC1-AA95-A1BCBB64EEAB}.Release|Any CPU.Build.0 = Release|Any CPU
		{05F5CD33-D7FB-4018-910C-5A9EEF418AD1}.Debug|Any CPU.ActiveCfg = Debug|Any CPU
		{05F5CD33-D7FB-4018-910C-5A9EEF418AD1}.Debug|Any CPU.Build.0 = Debug|Any CPU
		{05F5CD33-D7FB-4018-910C-5A9EEF418AD1}.Release|Any CPU.ActiveCfg = Release|Any CPU
		{05F5CD33-D7FB-4018-910C-5A9EEF418AD1}.Release|Any CPU.Build.0 = Release|Any CPU
		{FD12175F-BC5E-4D54-B8E3-FA743DDA6A7E}.Debug|Any CPU.ActiveCfg = Debug|Any CPU
		{FD12175F-BC5E-4D54-B8E3-FA743DDA6A7E}.Debug|Any CPU.Build.0 = Debug|Any CPU
		{FD12175F-BC5E-4D54-B8E3-FA743DDA6A7E}.Release|Any CPU.ActiveCfg = Release|Any CPU
		{FD12175F-BC5E-4D54-B8E3-FA743DDA6A7E}.Release|Any CPU.Build.0 = Release|Any CPU
		{902B7F3D-46B0-470C-8C00-4A00C7AECFF7}.Debug|Any CPU.ActiveCfg = Debug|Any CPU
		{902B7F3D-46B0-470C-8C00-4A00C7AECFF7}.Debug|Any CPU.Build.0 = Debug|Any CPU
		{902B7F3D-46B0-470C-8C00-4A00C7AECFF7}.Release|Any CPU.ActiveCfg = Release|Any CPU
		{902B7F3D-46B0-470C-8C00-4A00C7AECFF7}.Release|Any CPU.Build.0 = Release|Any CPU
		{11931F71-21E2-48D9-B9AF-18209ECA887A}.Debug|Any CPU.ActiveCfg = Debug|Any CPU
		{11931F71-21E2-48D9-B9AF-18209ECA887A}.Debug|Any CPU.Build.0 = Debug|Any CPU
		{11931F71-21E2-48D9-B9AF-18209ECA887A}.Release|Any CPU.ActiveCfg = Release|Any CPU
		{11931F71-21E2-48D9-B9AF-18209ECA887A}.Release|Any CPU.Build.0 = Release|Any CPU
		{1D4D5061-3A9D-4968-8B92-EC80F52DBE05}.Debug|Any CPU.ActiveCfg = Debug|Any CPU
		{1D4D5061-3A9D-4968-8B92-EC80F52DBE05}.Debug|Any CPU.Build.0 = Debug|Any CPU
		{1D4D5061-3A9D-4968-8B92-EC80F52DBE05}.Release|Any CPU.ActiveCfg = Release|Any CPU
		{1D4D5061-3A9D-4968-8B92-EC80F52DBE05}.Release|Any CPU.Build.0 = Release|Any CPU
		{79D039D3-7017-4D10-9CAC-182E9B5709E1}.Debug|Any CPU.ActiveCfg = Debug|Any CPU
		{79D039D3-7017-4D10-9CAC-182E9B5709E1}.Debug|Any CPU.Build.0 = Debug|Any CPU
		{79D039D3-7017-4D10-9CAC-182E9B5709E1}.Release|Any CPU.ActiveCfg = Release|Any CPU
		{79D039D3-7017-4D10-9CAC-182E9B5709E1}.Release|Any CPU.Build.0 = Release|Any CPU
	EndGlobalSection
EndGlobal
